
Microsoft Visual Studio Solution File, Format Version 12.00
# Visual Studio Version 16
VisualStudioVersion = 16.0.28803.202
MinimumVisualStudioVersion = 10.0.40219.1
Project("{FAE04EC0-301F-11D3-BF4B-00C04F79EFBC}") = "Brizbee.Web", "Brizbee.Web\Brizbee.Web.csproj", "{3C4D0DC9-B4BB-4086-A422-8255EE02FE7C}"
EndProject
Project("{9A19103F-16F7-4668-BE54-9A1E7A4F7556}") = "Brizbee.Common", "Brizbee.Common\Brizbee.Common.csproj", "{DA3900AE-3D80-4789-BF00-1C26B8AA21B6}"
EndProject
Project("{FAE04EC0-301F-11D3-BF4B-00C04F79EFBC}") = "Brizbee.QuickBooksConnector", "Brizbee.QuickBooksConnector\Brizbee.QuickBooksConnector.csproj", "{72C67228-8F63-4079-8419-7B67D6C8F08E}"
EndProject
Project("{930C7802-8A8C-48F9-8165-68863BCCD9DD}") = "Brizbee.QuickBooksConnectorInstaller", "Brizbee.QuickBooksConnectorInstaller\Brizbee.QuickBooksConnectorInstaller.wixproj", "{2289EE2F-F65E-4E01-AE57-BF9571694149}"
EndProject
Project("{FAE04EC0-301F-11D3-BF4B-00C04F79EFBC}") = "Brizbee.Mobile.Android", "Brizbee.Mobile\Brizbee.Mobile.Android\Brizbee.Mobile.Android.csproj", "{3F2878A7-F437-4ED0-83E8-FD4AF83EEB45}"
EndProject
Project("{FAE04EC0-301F-11D3-BF4B-00C04F79EFBC}") = "Brizbee.Mobile.iOS", "Brizbee.Mobile\Brizbee.Mobile.iOS\Brizbee.Mobile.iOS.csproj", "{A1B69424-E42F-47E3-84B9-481208B42EDD}"
EndProject
Project("{FAE04EC0-301F-11D3-BF4B-00C04F79EFBC}") = "Brizbee.Mobile.UWP", "Brizbee.Mobile\Brizbee.Mobile.UWP\Brizbee.Mobile.UWP.csproj", "{9E323D34-ED52-4063-BA0F-6932B4D5254F}"
EndProject
Project("{9A19103F-16F7-4668-BE54-9A1E7A4F7556}") = "Brizbee.Mobile", "Brizbee.Mobile\Brizbee.Mobile\Brizbee.Mobile.csproj", "{CA18E224-4AE6-4E09-B683-EDAF35B0C3DF}"
EndProject
Global
	GlobalSection(SolutionConfigurationPlatforms) = preSolution
		Debug|Any CPU = Debug|Any CPU
		Debug|ARM = Debug|ARM
		Debug|iPhone = Debug|iPhone
		Debug|iPhoneSimulator = Debug|iPhoneSimulator
		Debug|x64 = Debug|x64
		Debug|x86 = Debug|x86
		Release|Any CPU = Release|Any CPU
		Release|ARM = Release|ARM
		Release|iPhone = Release|iPhone
		Release|iPhoneSimulator = Release|iPhoneSimulator
		Release|x64 = Release|x64
		Release|x86 = Release|x86
	EndGlobalSection
	GlobalSection(ProjectConfigurationPlatforms) = postSolution
		{3C4D0DC9-B4BB-4086-A422-8255EE02FE7C}.Debug|Any CPU.ActiveCfg = Debug|Any CPU
		{3C4D0DC9-B4BB-4086-A422-8255EE02FE7C}.Debug|Any CPU.Build.0 = Debug|Any CPU
		{3C4D0DC9-B4BB-4086-A422-8255EE02FE7C}.Debug|ARM.ActiveCfg = Debug|Any CPU
		{3C4D0DC9-B4BB-4086-A422-8255EE02FE7C}.Debug|ARM.Build.0 = Debug|Any CPU
		{3C4D0DC9-B4BB-4086-A422-8255EE02FE7C}.Debug|iPhone.ActiveCfg = Debug|Any CPU
		{3C4D0DC9-B4BB-4086-A422-8255EE02FE7C}.Debug|iPhone.Build.0 = Debug|Any CPU
		{3C4D0DC9-B4BB-4086-A422-8255EE02FE7C}.Debug|iPhoneSimulator.ActiveCfg = Debug|Any CPU
		{3C4D0DC9-B4BB-4086-A422-8255EE02FE7C}.Debug|iPhoneSimulator.Build.0 = Debug|Any CPU
		{3C4D0DC9-B4BB-4086-A422-8255EE02FE7C}.Debug|x64.ActiveCfg = Debug|Any CPU
		{3C4D0DC9-B4BB-4086-A422-8255EE02FE7C}.Debug|x64.Build.0 = Debug|Any CPU
		{3C4D0DC9-B4BB-4086-A422-8255EE02FE7C}.Debug|x86.ActiveCfg = Debug|Any CPU
		{3C4D0DC9-B4BB-4086-A422-8255EE02FE7C}.Debug|x86.Build.0 = Debug|Any CPU
		{3C4D0DC9-B4BB-4086-A422-8255EE02FE7C}.Release|Any CPU.ActiveCfg = Release|Any CPU
		{3C4D0DC9-B4BB-4086-A422-8255EE02FE7C}.Release|Any CPU.Build.0 = Release|Any CPU
		{3C4D0DC9-B4BB-4086-A422-8255EE02FE7C}.Release|ARM.ActiveCfg = Release|Any CPU
		{3C4D0DC9-B4BB-4086-A422-8255EE02FE7C}.Release|ARM.Build.0 = Release|Any CPU
		{3C4D0DC9-B4BB-4086-A422-8255EE02FE7C}.Release|iPhone.ActiveCfg = Release|Any CPU
		{3C4D0DC9-B4BB-4086-A422-8255EE02FE7C}.Release|iPhone.Build.0 = Release|Any CPU
		{3C4D0DC9-B4BB-4086-A422-8255EE02FE7C}.Release|iPhoneSimulator.ActiveCfg = Release|Any CPU
		{3C4D0DC9-B4BB-4086-A422-8255EE02FE7C}.Release|iPhoneSimulator.Build.0 = Release|Any CPU
		{3C4D0DC9-B4BB-4086-A422-8255EE02FE7C}.Release|x64.ActiveCfg = Release|Any CPU
		{3C4D0DC9-B4BB-4086-A422-8255EE02FE7C}.Release|x64.Build.0 = Release|Any CPU
		{3C4D0DC9-B4BB-4086-A422-8255EE02FE7C}.Release|x86.ActiveCfg = Release|Any CPU
		{3C4D0DC9-B4BB-4086-A422-8255EE02FE7C}.Release|x86.Build.0 = Release|Any CPU
		{DA3900AE-3D80-4789-BF00-1C26B8AA21B6}.Debug|Any CPU.ActiveCfg = Debug|Any CPU
		{DA3900AE-3D80-4789-BF00-1C26B8AA21B6}.Debug|Any CPU.Build.0 = Debug|Any CPU
		{DA3900AE-3D80-4789-BF00-1C26B8AA21B6}.Debug|ARM.ActiveCfg = Debug|Any CPU
		{DA3900AE-3D80-4789-BF00-1C26B8AA21B6}.Debug|ARM.Build.0 = Debug|Any CPU
		{DA3900AE-3D80-4789-BF00-1C26B8AA21B6}.Debug|iPhone.ActiveCfg = Debug|Any CPU
		{DA3900AE-3D80-4789-BF00-1C26B8AA21B6}.Debug|iPhone.Build.0 = Debug|Any CPU
		{DA3900AE-3D80-4789-BF00-1C26B8AA21B6}.Debug|iPhoneSimulator.ActiveCfg = Debug|Any CPU
		{DA3900AE-3D80-4789-BF00-1C26B8AA21B6}.Debug|iPhoneSimulator.Build.0 = Debug|Any CPU
		{DA3900AE-3D80-4789-BF00-1C26B8AA21B6}.Debug|x64.ActiveCfg = Debug|Any CPU
		{DA3900AE-3D80-4789-BF00-1C26B8AA21B6}.Debug|x64.Build.0 = Debug|Any CPU
		{DA3900AE-3D80-4789-BF00-1C26B8AA21B6}.Debug|x86.ActiveCfg = Debug|Any CPU
		{DA3900AE-3D80-4789-BF00-1C26B8AA21B6}.Debug|x86.Build.0 = Debug|Any CPU
		{DA3900AE-3D80-4789-BF00-1C26B8AA21B6}.Release|Any CPU.ActiveCfg = Release|Any CPU
		{DA3900AE-3D80-4789-BF00-1C26B8AA21B6}.Release|Any CPU.Build.0 = Release|Any CPU
		{DA3900AE-3D80-4789-BF00-1C26B8AA21B6}.Release|ARM.ActiveCfg = Release|Any CPU
		{DA3900AE-3D80-4789-BF00-1C26B8AA21B6}.Release|ARM.Build.0 = Release|Any CPU
		{DA3900AE-3D80-4789-BF00-1C26B8AA21B6}.Release|iPhone.ActiveCfg = Release|Any CPU
		{DA3900AE-3D80-4789-BF00-1C26B8AA21B6}.Release|iPhone.Build.0 = Release|Any CPU
		{DA3900AE-3D80-4789-BF00-1C26B8AA21B6}.Release|iPhoneSimulator.ActiveCfg = Release|Any CPU
		{DA3900AE-3D80-4789-BF00-1C26B8AA21B6}.Release|iPhoneSimulator.Build.0 = Release|Any CPU
		{DA3900AE-3D80-4789-BF00-1C26B8AA21B6}.Release|x64.ActiveCfg = Release|Any CPU
		{DA3900AE-3D80-4789-BF00-1C26B8AA21B6}.Release|x64.Build.0 = Release|Any CPU
		{DA3900AE-3D80-4789-BF00-1C26B8AA21B6}.Release|x86.ActiveCfg = Release|Any CPU
		{DA3900AE-3D80-4789-BF00-1C26B8AA21B6}.Release|x86.Build.0 = Release|Any CPU
		{72C67228-8F63-4079-8419-7B67D6C8F08E}.Debug|Any CPU.ActiveCfg = Debug|Any CPU
		{72C67228-8F63-4079-8419-7B67D6C8F08E}.Debug|Any CPU.Build.0 = Debug|Any CPU
		{72C67228-8F63-4079-8419-7B67D6C8F08E}.Debug|ARM.ActiveCfg = Debug|Any CPU
		{72C67228-8F63-4079-8419-7B67D6C8F08E}.Debug|ARM.Build.0 = Debug|Any CPU
		{72C67228-8F63-4079-8419-7B67D6C8F08E}.Debug|iPhone.ActiveCfg = Debug|Any CPU
		{72C67228-8F63-4079-8419-7B67D6C8F08E}.Debug|iPhone.Build.0 = Debug|Any CPU
		{72C67228-8F63-4079-8419-7B67D6C8F08E}.Debug|iPhoneSimulator.ActiveCfg = Debug|Any CPU
		{72C67228-8F63-4079-8419-7B67D6C8F08E}.Debug|iPhoneSimulator.Build.0 = Debug|Any CPU
		{72C67228-8F63-4079-8419-7B67D6C8F08E}.Debug|x64.ActiveCfg = Debug|Any CPU
		{72C67228-8F63-4079-8419-7B67D6C8F08E}.Debug|x64.Build.0 = Debug|Any CPU
		{72C67228-8F63-4079-8419-7B67D6C8F08E}.Debug|x86.ActiveCfg = Debug|Any CPU
		{72C67228-8F63-4079-8419-7B67D6C8F08E}.Debug|x86.Build.0 = Debug|Any CPU
		{72C67228-8F63-4079-8419-7B67D6C8F08E}.Release|Any CPU.ActiveCfg = Release|Any CPU
		{72C67228-8F63-4079-8419-7B67D6C8F08E}.Release|Any CPU.Build.0 = Release|Any CPU
		{72C67228-8F63-4079-8419-7B67D6C8F08E}.Release|ARM.ActiveCfg = Release|Any CPU
		{72C67228-8F63-4079-8419-7B67D6C8F08E}.Release|ARM.Build.0 = Release|Any CPU
		{72C67228-8F63-4079-8419-7B67D6C8F08E}.Release|iPhone.ActiveCfg = Release|Any CPU
		{72C67228-8F63-4079-8419-7B67D6C8F08E}.Release|iPhone.Build.0 = Release|Any CPU
		{72C67228-8F63-4079-8419-7B67D6C8F08E}.Release|iPhoneSimulator.ActiveCfg = Release|Any CPU
		{72C67228-8F63-4079-8419-7B67D6C8F08E}.Release|iPhoneSimulator.Build.0 = Release|Any CPU
		{72C67228-8F63-4079-8419-7B67D6C8F08E}.Release|x64.ActiveCfg = Release|Any CPU
		{72C67228-8F63-4079-8419-7B67D6C8F08E}.Release|x64.Build.0 = Release|Any CPU
		{72C67228-8F63-4079-8419-7B67D6C8F08E}.Release|x86.ActiveCfg = Release|Any CPU
		{72C67228-8F63-4079-8419-7B67D6C8F08E}.Release|x86.Build.0 = Release|Any CPU
		{2289EE2F-F65E-4E01-AE57-BF9571694149}.Debug|Any CPU.ActiveCfg = Debug|x86
		{2289EE2F-F65E-4E01-AE57-BF9571694149}.Debug|ARM.ActiveCfg = Debug|x86
		{2289EE2F-F65E-4E01-AE57-BF9571694149}.Debug|iPhone.ActiveCfg = Debug|x86
		{2289EE2F-F65E-4E01-AE57-BF9571694149}.Debug|iPhoneSimulator.ActiveCfg = Debug|x86
		{2289EE2F-F65E-4E01-AE57-BF9571694149}.Debug|x64.ActiveCfg = Debug|x86
		{2289EE2F-F65E-4E01-AE57-BF9571694149}.Debug|x86.ActiveCfg = Debug|x86
		{2289EE2F-F65E-4E01-AE57-BF9571694149}.Debug|x86.Build.0 = Debug|x86
		{2289EE2F-F65E-4E01-AE57-BF9571694149}.Release|Any CPU.ActiveCfg = Release|x86
		{2289EE2F-F65E-4E01-AE57-BF9571694149}.Release|ARM.ActiveCfg = Release|x86
		{2289EE2F-F65E-4E01-AE57-BF9571694149}.Release|iPhone.ActiveCfg = Release|x86
		{2289EE2F-F65E-4E01-AE57-BF9571694149}.Release|iPhoneSimulator.ActiveCfg = Release|x86
		{2289EE2F-F65E-4E01-AE57-BF9571694149}.Release|x64.ActiveCfg = Release|x86
		{2289EE2F-F65E-4E01-AE57-BF9571694149}.Release|x86.ActiveCfg = Release|x86
		{2289EE2F-F65E-4E01-AE57-BF9571694149}.Release|x86.Build.0 = Release|x86
		{3F2878A7-F437-4ED0-83E8-FD4AF83EEB45}.Debug|Any CPU.ActiveCfg = Debug|Any CPU
		{3F2878A7-F437-4ED0-83E8-FD4AF83EEB45}.Debug|Any CPU.Build.0 = Debug|Any CPU
		{3F2878A7-F437-4ED0-83E8-FD4AF83EEB45}.Debug|Any CPU.Deploy.0 = Debug|Any CPU
		{3F2878A7-F437-4ED0-83E8-FD4AF83EEB45}.Debug|ARM.ActiveCfg = Debug|Any CPU
		{3F2878A7-F437-4ED0-83E8-FD4AF83EEB45}.Debug|ARM.Build.0 = Debug|Any CPU
		{3F2878A7-F437-4ED0-83E8-FD4AF83EEB45}.Debug|ARM.Deploy.0 = Debug|Any CPU
		{3F2878A7-F437-4ED0-83E8-FD4AF83EEB45}.Debug|iPhone.ActiveCfg = Debug|Any CPU
		{3F2878A7-F437-4ED0-83E8-FD4AF83EEB45}.Debug|iPhone.Build.0 = Debug|Any CPU
		{3F2878A7-F437-4ED0-83E8-FD4AF83EEB45}.Debug|iPhone.Deploy.0 = Debug|Any CPU
		{3F2878A7-F437-4ED0-83E8-FD4AF83EEB45}.Debug|iPhoneSimulator.ActiveCfg = Debug|Any CPU
		{3F2878A7-F437-4ED0-83E8-FD4AF83EEB45}.Debug|iPhoneSimulator.Build.0 = Debug|Any CPU
		{3F2878A7-F437-4ED0-83E8-FD4AF83EEB45}.Debug|iPhoneSimulator.Deploy.0 = Debug|Any CPU
		{3F2878A7-F437-4ED0-83E8-FD4AF83EEB45}.Debug|x64.ActiveCfg = Debug|Any CPU
		{3F2878A7-F437-4ED0-83E8-FD4AF83EEB45}.Debug|x64.Build.0 = Debug|Any CPU
		{3F2878A7-F437-4ED0-83E8-FD4AF83EEB45}.Debug|x64.Deploy.0 = Debug|Any CPU
		{3F2878A7-F437-4ED0-83E8-FD4AF83EEB45}.Debug|x86.ActiveCfg = Debug|Any CPU
		{3F2878A7-F437-4ED0-83E8-FD4AF83EEB45}.Debug|x86.Build.0 = Debug|Any CPU
		{3F2878A7-F437-4ED0-83E8-FD4AF83EEB45}.Debug|x86.Deploy.0 = Debug|Any CPU
		{3F2878A7-F437-4ED0-83E8-FD4AF83EEB45}.Release|Any CPU.ActiveCfg = Release|Any CPU
		{3F2878A7-F437-4ED0-83E8-FD4AF83EEB45}.Release|Any CPU.Build.0 = Release|Any CPU
		{3F2878A7-F437-4ED0-83E8-FD4AF83EEB45}.Release|Any CPU.Deploy.0 = Release|Any CPU
		{3F2878A7-F437-4ED0-83E8-FD4AF83EEB45}.Release|ARM.ActiveCfg = Release|Any CPU
		{3F2878A7-F437-4ED0-83E8-FD4AF83EEB45}.Release|ARM.Build.0 = Release|Any CPU
		{3F2878A7-F437-4ED0-83E8-FD4AF83EEB45}.Release|ARM.Deploy.0 = Release|Any CPU
		{3F2878A7-F437-4ED0-83E8-FD4AF83EEB45}.Release|iPhone.ActiveCfg = Release|Any CPU
		{3F2878A7-F437-4ED0-83E8-FD4AF83EEB45}.Release|iPhone.Build.0 = Release|Any CPU
		{3F2878A7-F437-4ED0-83E8-FD4AF83EEB45}.Release|iPhone.Deploy.0 = Release|Any CPU
		{3F2878A7-F437-4ED0-83E8-FD4AF83EEB45}.Release|iPhoneSimulator.ActiveCfg = Release|Any CPU
		{3F2878A7-F437-4ED0-83E8-FD4AF83EEB45}.Release|iPhoneSimulator.Build.0 = Release|Any CPU
		{3F2878A7-F437-4ED0-83E8-FD4AF83EEB45}.Release|iPhoneSimulator.Deploy.0 = Release|Any CPU
		{3F2878A7-F437-4ED0-83E8-FD4AF83EEB45}.Release|x64.ActiveCfg = Release|Any CPU
		{3F2878A7-F437-4ED0-83E8-FD4AF83EEB45}.Release|x64.Build.0 = Release|Any CPU
		{3F2878A7-F437-4ED0-83E8-FD4AF83EEB45}.Release|x64.Deploy.0 = Release|Any CPU
		{3F2878A7-F437-4ED0-83E8-FD4AF83EEB45}.Release|x86.ActiveCfg = Release|Any CPU
		{3F2878A7-F437-4ED0-83E8-FD4AF83EEB45}.Release|x86.Build.0 = Release|Any CPU
		{3F2878A7-F437-4ED0-83E8-FD4AF83EEB45}.Release|x86.Deploy.0 = Release|Any CPU
		{A1B69424-E42F-47E3-84B9-481208B42EDD}.Debug|Any CPU.ActiveCfg = Debug|iPhone
		{A1B69424-E42F-47E3-84B9-481208B42EDD}.Debug|ARM.ActiveCfg = Debug|iPhone
		{A1B69424-E42F-47E3-84B9-481208B42EDD}.Debug|iPhone.ActiveCfg = Debug|iPhone
		{A1B69424-E42F-47E3-84B9-481208B42EDD}.Debug|iPhone.Build.0 = Debug|iPhone
		{A1B69424-E42F-47E3-84B9-481208B42EDD}.Debug|iPhoneSimulator.ActiveCfg = Debug|iPhoneSimulator
		{A1B69424-E42F-47E3-84B9-481208B42EDD}.Debug|iPhoneSimulator.Build.0 = Debug|iPhoneSimulator
		{A1B69424-E42F-47E3-84B9-481208B42EDD}.Debug|x64.ActiveCfg = Debug|iPhone
		{A1B69424-E42F-47E3-84B9-481208B42EDD}.Debug|x86.ActiveCfg = Debug|iPhone
		{A1B69424-E42F-47E3-84B9-481208B42EDD}.Release|Any CPU.ActiveCfg = Release|iPhone
		{A1B69424-E42F-47E3-84B9-481208B42EDD}.Release|ARM.ActiveCfg = Release|iPhone
		{A1B69424-E42F-47E3-84B9-481208B42EDD}.Release|iPhone.ActiveCfg = Release|iPhone
		{A1B69424-E42F-47E3-84B9-481208B42EDD}.Release|iPhone.Build.0 = Release|iPhone
		{A1B69424-E42F-47E3-84B9-481208B42EDD}.Release|iPhoneSimulator.ActiveCfg = Release|iPhoneSimulator
		{A1B69424-E42F-47E3-84B9-481208B42EDD}.Release|iPhoneSimulator.Build.0 = Release|iPhoneSimulator
		{A1B69424-E42F-47E3-84B9-481208B42EDD}.Release|x64.ActiveCfg = Release|iPhone
		{A1B69424-E42F-47E3-84B9-481208B42EDD}.Release|x86.ActiveCfg = Release|iPhone
		{9E323D34-ED52-4063-BA0F-6932B4D5254F}.Debug|Any CPU.ActiveCfg = Debug|x86
		{9E323D34-ED52-4063-BA0F-6932B4D5254F}.Debug|ARM.ActiveCfg = Debug|ARM
		{9E323D34-ED52-4063-BA0F-6932B4D5254F}.Debug|ARM.Build.0 = Debug|ARM
		{9E323D34-ED52-4063-BA0F-6932B4D5254F}.Debug|ARM.Deploy.0 = Debug|ARM
		{9E323D34-ED52-4063-BA0F-6932B4D5254F}.Debug|iPhone.ActiveCfg = Debug|x86
		{9E323D34-ED52-4063-BA0F-6932B4D5254F}.Debug|iPhoneSimulator.ActiveCfg = Debug|x86
		{9E323D34-ED52-4063-BA0F-6932B4D5254F}.Debug|x64.ActiveCfg = Debug|x64
		{9E323D34-ED52-4063-BA0F-6932B4D5254F}.Debug|x64.Build.0 = Debug|x64
		{9E323D34-ED52-4063-BA0F-6932B4D5254F}.Debug|x64.Deploy.0 = Debug|x64
		{9E323D34-ED52-4063-BA0F-6932B4D5254F}.Debug|x86.ActiveCfg = Debug|x86
		{9E323D34-ED52-4063-BA0F-6932B4D5254F}.Debug|x86.Build.0 = Debug|x86
		{9E323D34-ED52-4063-BA0F-6932B4D5254F}.Debug|x86.Deploy.0 = Debug|x86
		{9E323D34-ED52-4063-BA0F-6932B4D5254F}.Release|Any CPU.ActiveCfg = Release|x86
		{9E323D34-ED52-4063-BA0F-6932B4D5254F}.Release|ARM.ActiveCfg = Release|ARM
		{9E323D34-ED52-4063-BA0F-6932B4D5254F}.Release|ARM.Build.0 = Release|ARM
		{9E323D34-ED52-4063-BA0F-6932B4D5254F}.Release|ARM.Deploy.0 = Release|ARM
		{9E323D34-ED52-4063-BA0F-6932B4D5254F}.Release|iPhone.ActiveCfg = Release|x86
		{9E323D34-ED52-4063-BA0F-6932B4D5254F}.Release|iPhoneSimulator.ActiveCfg = Release|x86
		{9E323D34-ED52-4063-BA0F-6932B4D5254F}.Release|x64.ActiveCfg = Release|x64
		{9E323D34-ED52-4063-BA0F-6932B4D5254F}.Release|x64.Build.0 = Release|x64
		{9E323D34-ED52-4063-BA0F-6932B4D5254F}.Release|x64.Deploy.0 = Release|x64
		{9E323D34-ED52-4063-BA0F-6932B4D5254F}.Release|x86.ActiveCfg = Release|x86
		{9E323D34-ED52-4063-BA0F-6932B4D5254F}.Release|x86.Build.0 = Release|x86
		{9E323D34-ED52-4063-BA0F-6932B4D5254F}.Release|x86.Deploy.0 = Release|x86
		{CA18E224-4AE6-4E09-B683-EDAF35B0C3DF}.Debug|Any CPU.ActiveCfg = Debug|Any CPU
		{CA18E224-4AE6-4E09-B683-EDAF35B0C3DF}.Debug|Any CPU.Build.0 = Debug|Any CPU
		{CA18E224-4AE6-4E09-B683-EDAF35B0C3DF}.Debug|ARM.ActiveCfg = Debug|Any CPU
		{CA18E224-4AE6-4E09-B683-EDAF35B0C3DF}.Debug|ARM.Build.0 = Debug|Any CPU
		{CA18E224-4AE6-4E09-B683-EDAF35B0C3DF}.Debug|iPhone.ActiveCfg = Debug|Any CPU
		{CA18E224-4AE6-4E09-B683-EDAF35B0C3DF}.Debug|iPhone.Build.0 = Debug|Any CPU
		{CA18E224-4AE6-4E09-B683-EDAF35B0C3DF}.Debug|iPhoneSimulator.ActiveCfg = Debug|Any CPU
		{CA18E224-4AE6-4E09-B683-EDAF35B0C3DF}.Debug|iPhoneSimulator.Build.0 = Debug|Any CPU
		{CA18E224-4AE6-4E09-B683-EDAF35B0C3DF}.Debug|x64.ActiveCfg = Debug|Any CPU
		{CA18E224-4AE6-4E09-B683-EDAF35B0C3DF}.Debug|x64.Build.0 = Debug|Any CPU
		{CA18E224-4AE6-4E09-B683-EDAF35B0C3DF}.Debug|x86.ActiveCfg = Debug|Any CPU
		{CA18E224-4AE6-4E09-B683-EDAF35B0C3DF}.Debug|x86.Build.0 = Debug|Any CPU
		{CA18E224-4AE6-4E09-B683-EDAF35B0C3DF}.Release|Any CPU.ActiveCfg = Release|Any CPU
		{CA18E224-4AE6-4E09-B683-EDAF35B0C3DF}.Release|Any CPU.Build.0 = Release|Any CPU
		{CA18E224-4AE6-4E09-B683-EDAF35B0C3DF}.Release|ARM.ActiveCfg = Release|Any CPU
		{CA18E224-4AE6-4E09-B683-EDAF35B0C3DF}.Release|ARM.Build.0 = Release|Any CPU
		{CA18E224-4AE6-4E09-B683-EDAF35B0C3DF}.Release|iPhone.ActiveCfg = Release|Any CPU
		{CA18E224-4AE6-4E09-B683-EDAF35B0C3DF}.Release|iPhone.Build.0 = Release|Any CPU
		{CA18E224-4AE6-4E09-B683-EDAF35B0C3DF}.Release|iPhoneSimulator.ActiveCfg = Release|Any CPU
		{CA18E224-4AE6-4E09-B683-EDAF35B0C3DF}.Release|iPhoneSimulator.Build.0 = Release|Any CPU
		{CA18E224-4AE6-4E09-B683-EDAF35B0C3DF}.Release|x64.ActiveCfg = Release|Any CPU
		{CA18E224-4AE6-4E09-B683-EDAF35B0C3DF}.Release|x64.Build.0 = Release|Any CPU
		{CA18E224-4AE6-4E09-B683-EDAF35B0C3DF}.Release|x86.ActiveCfg = Release|Any CPU
		{CA18E224-4AE6-4E09-B683-EDAF35B0C3DF}.Release|x86.Build.0 = Release|Any CPU
	EndGlobalSection
	GlobalSection(SolutionProperties) = preSolution
		HideSolutionNode = FALSE
	EndGlobalSection
	GlobalSection(ExtensibilityGlobals) = postSolution
		SolutionGuid = {C10D39DE-81F5-409D-AA9C-A04D7D6AB9DF}
	EndGlobalSection
EndGlobal
